
Microsoft Visual Studio Solution File, Format Version 12.00
# Visual Studio Express 2012 for Windows Desktop
Project("{FAE04EC0-301F-11D3-BF4B-00C04F79EFBC}") = "U3-1", "U3-1.csproj", "{75A73472-C6B6-40A4-AE11-727329C5E14E}"
EndProject
Global
	GlobalSection(SolutionConfigurationPlatforms) = preSolution
		Debug|Any CPU = Debug|Any CPU
		Release|Any CPU = Release|Any CPU
	EndGlobalSection
	GlobalSection(ProjectConfigurationPlatforms) = postSolution
		{75A73472-C6B6-40A4-AE11-727329C5E14E}.Debug|Any CPU.ActiveCfg = Debug|Any CPU
		{75A73472-C6B6-40A4-AE11-727329C5E14E}.Debug|Any CPU.Build.0 = Debug|Any CPU
		{75A73472-C6B6-40A4-AE11-727329C5E14E}.Release|Any CPU.ActiveCfg = Release|Any CPU
		{75A73472-C6B6-40A4-AE11-727329C5E14E}.Release|Any CPU.Build.0 = Release|Any CPU
	EndGlobalSection
	GlobalSection(SolutionProperties) = preSolution
		HideSolutionNode = FALSE
	EndGlobalSection
EndGlobal
