
Microsoft Visual Studio Solution File, Format Version 12.00
# Visual Studio Express 2012 for Windows Desktop
Project("{FAE04EC0-301F-11D3-BF4B-00C04F79EFBC}") = "U5-1", "U5-1.csproj", "{A81E8325-A74A-4162-8292-3EE262E8C588}"
EndProject
Global
	GlobalSection(SolutionConfigurationPlatforms) = preSolution
		Debug|Any CPU = Debug|Any CPU
		Release|Any CPU = Release|Any CPU
	EndGlobalSection
	GlobalSection(ProjectConfigurationPlatforms) = postSolution
		{A81E8325-A74A-4162-8292-3EE262E8C588}.Debug|Any CPU.ActiveCfg = Debug|Any CPU
		{A81E8325-A74A-4162-8292-3EE262E8C588}.Debug|Any CPU.Build.0 = Debug|Any CPU
		{A81E8325-A74A-4162-8292-3EE262E8C588}.Release|Any CPU.ActiveCfg = Release|Any CPU
		{A81E8325-A74A-4162-8292-3EE262E8C588}.Release|Any CPU.Build.0 = Release|Any CPU
	EndGlobalSection
	GlobalSection(SolutionProperties) = preSolution
		HideSolutionNode = FALSE
	EndGlobalSection
EndGlobal
